PODS:
  - Suas (0.1.1)
  - SuasMonitorMiddleware (0.1.0):
    - Suas (= 0.1.1)

DEPENDENCIES:
  - Suas (from `https://github.com/zendesk/Suas-iOS`, branch `master`)
  - SuasMonitorMiddleware (from `https://github.com/zendesk/Suas-iOS-Monitor-Middleware`, branch `master`)

EXTERNAL SOURCES:
  Suas:
    :branch: master
    :git: https://github.com/zendesk/Suas-iOS
  SuasMonitorMiddleware:
    :branch: master
    :git: https://github.com/zendesk/Suas-iOS-Monitor-Middleware

CHECKOUT OPTIONS:
  Suas:
    :commit: 8f7b30b19a6c89adde2de0a465cef6d11d5d4edb
    :git: https://github.com/zendesk/Suas-iOS
  SuasMonitorMiddleware:
    :commit: 2f084daf47c3cdd330a7997e65c7ad01e9bedf98
    :git: https://github.com/zendesk/Suas-iOS-Monitor-Middleware

SPEC CHECKSUMS:
  Suas: fcc8a22a72472bf6a223d0a0ec7e0a24793a9b09
  SuasMonitorMiddleware: fc4aaa23fda0cd1db9bde17cca493d70ad838062

PODFILE CHECKSUM: 01eadff2dc9c0da8ea9561722aaf9939f347e132

COCOAPODS: 1.1.1
