PODS:
  - CocoaAsyncSocket (7.6.0)
  - Suas (0.1.1)
  - SuasMonitorMiddleware (0.1.0):
    - CocoaAsyncSocket (= 7.6.0)
    - Suas (= 0.1.1)

DEPENDENCIES:
  - Suas (from `https://github.com/zendesk/Suas-iOS`, branch `master`)
  - SuasMonitorMiddleware (from `https://github.com/zendesk/Suas-iOS-Monitor-Middleware`, branch `master`)

EXTERNAL SOURCES:
  Suas:
    :branch: master
    :git: https://github.com/zendesk/Suas-iOS
  SuasMonitorMiddleware:
    :branch: master
    :git: https://github.com/zendesk/Suas-iOS-Monitor-Middleware

CHECKOUT OPTIONS:
  Suas:
    :commit: 26376efb1e2d3178521970af917d720dfa585b57
    :git: https://github.com/zendesk/Suas-iOS
  SuasMonitorMiddleware:
    :commit: 7aeca581667fed8f057810db7eccb84eb921874f
    :git: https://github.com/zendesk/Suas-iOS-Monitor-Middleware

SPEC CHECKSUMS:
  CocoaAsyncSocket: b9d5589f07baf9de8f34cc25abd4fcba28f13805
  Suas: 97431d9acced54b820eaafa96f516b7206af12a1
  SuasMonitorMiddleware: 4dc4a790ec66c99b0985aa37a741cd1f8fd7241d

PODFILE CHECKSUM: 0b7060a66c63c117503003c6ef4d92b4fa810145

COCOAPODS: 1.1.1
